# THIS IS AN AUTOGENERATED FILE. DO NOT EDIT THIS FILE DIRECTLY.
# yarn lockfile v1


aurelia-binding@^2.0.0:
  version "2.5.4"
  resolved "https://registry.yarnpkg.com/aurelia-binding/-/aurelia-binding-2.5.4.tgz#c1c9221dd351bbf749df5e71aedc29b993a9ada0"
  integrity sha512-tYhYCFvQne+chO3p8KntCWj0r8oCXiCOGQ0yFbthHDBpjjTA4QlBwpGQ8nlGoGDKj7n4PoobeIjN3lEDKgKUyw==
  dependencies:
    aurelia-logging "^1.0.0"
    aurelia-metadata "^1.0.0"
    aurelia-pal "^1.0.0"
    aurelia-task-queue "^1.0.0"

aurelia-dependency-injection@^1.0.0:
  version "1.5.2"
  resolved "https://registry.yarnpkg.com/aurelia-dependency-injection/-/aurelia-dependency-injection-1.5.2.tgz#a4a6aee8c3e480f11d84dba39fc6e615bf5f0469"
  integrity sha512-LnKgpXzKuG2A/YPGeg5OOw8zvkbvDBMRJA9QDCjZlxymsPI98dwggNSQHI8UK+hTIBqOmjjRxqdMoeROo2Gpbw==
  dependencies:
    aurelia-metadata "^1.0.0"
    aurelia-pal "^1.0.0"

aurelia-framework@^1.3.1:
  version "1.4.1"
  resolved "https://registry.yarnpkg.com/aurelia-framework/-/aurelia-framework-1.4.1.tgz#76a76dfa555e3315daab4256c776434fb7932f43"
  integrity sha512-oFnJyqqIDk2Kk7iSy2YNm2MNQMbTVEiPpa9q0oGfDLclqUgv+L05rnkEW9vEpVTUMV8gmOTxIrDidNICrDT7HA==
  dependencies:
    aurelia-binding "^2.0.0"
    aurelia-dependency-injection "^1.0.0"
    aurelia-loader "^1.0.0"
    aurelia-logging "^1.0.0"
    aurelia-metadata "^1.0.0"
    aurelia-pal "^1.0.0"
    aurelia-path "^1.1.7"
    aurelia-task-queue "^1.0.0"
    aurelia-templating "^1.11.1"

aurelia-http-client@^1.3.0:
  version "1.3.1"
  resolved "https://registry.yarnpkg.com/aurelia-http-client/-/aurelia-http-client-1.3.1.tgz#38500194a15b0471509c0c983f7a300c9e856414"
  integrity sha512-W/JqCUjsoz3omPl/bKzVB2/k3aXSyNXCa3nDjqege+JR30iiQvDGb3jfUiuPNJquCdO74p04U21BhqrQ7V2G1A==
  dependencies:
    aurelia-pal "^1.0.0"
    aurelia-path "^1.1.1"

aurelia-loader@^1.0.0:
  version "1.0.2"
  resolved "https://registry.yarnpkg.com/aurelia-loader/-/aurelia-loader-1.0.2.tgz#221ac3fa4fd65faf120410390a3e7de92609614e"
  integrity sha512-3owEe5Zsk8cIJG+zcxN6gzqUr2z2c+FKhtrL49e1j8vE4ccQQjXg+tvKFnfBVf3pwma6A474WsdK8poYhoVZyA==
  dependencies:
    aurelia-metadata "^1.0.0"
    aurelia-path "^1.0.0"

aurelia-logging@^1.0.0:
  version "1.5.2"
  resolved "https://registry.yarnpkg.com/aurelia-logging/-/aurelia-logging-1.5.2.tgz#eddacfeded5da39808d36fd916829dd8d4c88ddd"
  integrity sha512-R0UdpGYBNSosBZ9WefmoIpgr36szFwQrRk2pbblhI+Vx911dUEEW85QXb6BRKVAP1ykz52Fuq8lCZxR6UupQXA==

aurelia-metadata@^1.0.0:
  version "1.0.7"
  resolved "https://registry.yarnpkg.com/aurelia-metadata/-/aurelia-metadata-1.0.7.tgz#7774701e1f02b5f731048d1a2bd5edb6059552d0"
  integrity sha512-6Q3VV5VvCRjvJyICESwCNSWLkaYml9PAxHo5SjzVv+HNmvFtQRKRazczwECbTD6IWiE+O90+PmamPy4Ac2YnTA==
  dependencies:
    aurelia-pal "^1.0.0"

aurelia-pal@^1.0.0:
  version "1.8.2"
  resolved "https://registry.yarnpkg.com/aurelia-pal/-/aurelia-pal-1.8.2.tgz#9c39509ea2650291fa4bda06a4ed37d8be31f0ac"
  integrity sha512-6erozUK5aaD88PvThs/L87kLsqxqPaBU59PGECr36v9yezhve0BHqpKgbtJ8haHJSiH80K9lsJtXfefedS/3sw==

aurelia-path@^1.0.0, aurelia-path@^1.1.1, aurelia-path@^1.1.7:
  version "1.1.7"
  resolved "https://registry.yarnpkg.com/aurelia-path/-/aurelia-path-1.1.7.tgz#8eba50a45ca52dfbb3c65f0bf3a221c987602b58"
  integrity sha512-D6/Tz8jE8b2+Y8Pt6P/fxF6xfJGef+TA6YEljzo1kEzyzbxIvwfqc7pK6i/XGY3LowlumPqrhxkfMjPxLpFIcA==

aurelia-task-queue@^1.0.0, aurelia-task-queue@^1.1.0:
  version "1.3.3"
  resolved "https://registry.yarnpkg.com/aurelia-task-queue/-/aurelia-task-queue-1.3.3.tgz#f7f744bde4ffa3dddb5225bd0956a2fa53c139c5"
  integrity sha512-ua3J2YO+cZgpn1MqxPlanSDXG4SB0BXotxYDW1iL5f6AsoEvJ3BycZJYw/N9hMQKmWniOeaBr7wGQ+KDiZFywQ==
  dependencies:
    aurelia-pal "^1.0.0"

aurelia-templating@^1.11.1:
  version "1.11.1"
  resolved "https://registry.yarnpkg.com/aurelia-templating/-/aurelia-templating-1.11.1.tgz#661df6d9ff09ec280ccf0fc4a94b702fceff0b24"
  integrity sha512-7Zrb/yvnIYBIlqGaLXIiBsmWMoFwo3SSoxyoucqWe/M80YpR4LJaTEKoZxhZZI6x9pU+tlFOBkwd/sA1JqPR8w==
  dependencies:
    aurelia-binding "^2.0.0"
    aurelia-dependency-injection "^1.0.0"
    aurelia-loader "^1.0.0"
    aurelia-logging "^1.0.0"
    aurelia-metadata "^1.0.0"
    aurelia-pal "^1.0.0"
    aurelia-path "^1.1.7"
    aurelia-task-queue "^1.1.0"

balanced-match@^1.0.0:
  version "1.0.2"
  resolved "https://registry.yarnpkg.com/balanced-match/-/balanced-match-1.0.2.tgz#e83e3a7e3f300b34cb9d87f615fa0cbf357690ee"
  integrity sha512-3oSeUO0TMV67hN1AmbXsK4yaqU7tjiHlbxRDZOpH0KW9+CeX4bRAaX0Anxt0tx2MrpRpWwQaPwIlISEJhYU5Pw==

brace-expansion@^1.1.7:
  version "1.1.11"
  resolved "https://registry.yarnpkg.com/brace-expansion/-/brace-expansion-1.1.11.tgz#3c7fcbf529d87226f3d2f52b966ff5271eb441dd"
  integrity sha512-iCuPHDFgrHX7H2vEI/5xpz07zSHB00TpugqhmYtVmMO6518mCuRMoOYFldEBl0g187ufozdaHgWKcYFb61qGiA==
  dependencies:
    balanced-match "^1.0.0"
    concat-map "0.0.1"

colors@^1.1.2:
  version "1.4.0"
  resolved "https://registry.yarnpkg.com/colors/-/colors-1.4.0.tgz#c50491479d4c1bdaed2c9ced32cf7c7dc2360f78"
  integrity sha512-a+UqTh4kgZg/SlGvfbzDHpgRu7AAQOmmqRHJnxhRZICKFUT91brVhNNt58CMWU9PsBbv3PDCZUHbVxuDiH2mtA==

concat-map@0.0.1:
  version "0.0.1"
  resolved "https://registry.yarnpkg.com/concat-map/-/concat-map-0.0.1.tgz#d8a96bd77fd68df7793a73036a3ba0d5405d477b"
  integrity sha1-2Klr13/Wjfd5OnMDajug1UBdR3s=

diff@^2.2.1:
  version "2.2.3"
  resolved "https://registry.yarnpkg.com/diff/-/diff-2.2.3.tgz#60eafd0d28ee906e4e8ff0a52c1229521033bf99"
  integrity sha1-YOr9DSjukG5Oj/ClLBIpUhAzv5k=

encoding@^0.1.11:
  version "0.1.13"
  resolved "https://registry.yarnpkg.com/encoding/-/encoding-0.1.13.tgz#56574afdd791f54a8e9b2785c0582a2d26210fa9"
  integrity sha512-ETBauow1T35Y/WZMkio9jiM0Z5xjHHmJ4XmjZOq1l/dXz3lr2sRn87nJy20RupqSh1F2m3HHPSp8ShIPQJrJ3A==
  dependencies:
    iconv-lite "^0.6.2"

findup-sync@~0.3.0:
  version "0.3.0"
  resolved "https://registry.yarnpkg.com/findup-sync/-/findup-sync-0.3.0.tgz#37930aa5d816b777c03445e1966cc6790a4c0b16"
  integrity sha1-N5MKpdgWt3fANEXhlmzGeQpMCxY=
  dependencies:
    glob "~5.0.0"

fs.realpath@^1.0.0:
  version "1.0.0"
  resolved "https://registry.yarnpkg.com/fs.realpath/-/fs.realpath-1.0.0.tgz#1504ad2523158caa40db4a2787cb01411994ea4f"
  integrity sha1-FQStJSMVjKpA20onh8sBQRmU6k8=

function-bind@^1.1.1:
  version "1.1.1"
  resolved "https://registry.yarnpkg.com/function-bind/-/function-bind-1.1.1.tgz#a56899d3ea3c9bab874bb9773b7c5ede92f4895d"
  integrity sha512-yIovAzMX49sF8Yl58fSCWJ5svSLuaibPxXQJFLmBObTuCr0Mf1KiPopGM9NiFjiYBCbfaa2Fh6breQ6ANVTI0A==

glob@^7.0.3:
  version "7.2.0"
  resolved "https://registry.yarnpkg.com/glob/-/glob-7.2.0.tgz#d15535af7732e02e948f4c41628bd910293f6023"
  integrity sha512-lmLf6gtyrPq8tTjSmrO94wBeQbFR3HbLHbuyD69wuyQkImp2hWqMGB47OX65FBkPffO641IP9jWa1z4ivqG26Q==
  dependencies:
    fs.realpath "^1.0.0"
    inflight "^1.0.4"
    inherits "2"
    minimatch "^3.0.4"
    once "^1.3.0"
    path-is-absolute "^1.0.0"

glob@~5.0.0:
  version "5.0.15"
  resolved "https://registry.yarnpkg.com/glob/-/glob-5.0.15.tgz#1bc936b9e02f4a603fcc222ecf7633d30b8b93b1"
  integrity sha1-G8k2ueAvSmA/zCIuz3Yz0wuLk7E=
  dependencies:
    inflight "^1.0.4"
    inherits "2"
    minimatch "2 || 3"
    once "^1.3.0"
    path-is-absolute "^1.0.0"

has@^1.0.3:
  version "1.0.3"
  resolved "https://registry.yarnpkg.com/has/-/has-1.0.3.tgz#722d7cbfc1f6aa8241f16dd814e011e1f41e8796"
  integrity sha512-f2dvO0VU6Oej7RkWJGrehjbzMAjFp5/VKPp5tTpWIV4JHHZK1/BxbFRtf/siA2SWTe09caDmVtYYzWEIbBS4zw==
  dependencies:
    function-bind "^1.1.1"

iconv-lite@^0.6.2:
  version "0.6.3"
  resolved "https://registry.yarnpkg.com/iconv-lite/-/iconv-lite-0.6.3.tgz#a52f80bf38da1952eb5c681790719871a1a72501"
  integrity sha512-4fCk79wshMdzMp2rH06qWrJE4iolqLhCUH+OiuIgU++RB0+94NlDL81atO7GX55uUKueo0txHNtvEyI6D7WdMw==
  dependencies:
    safer-buffer ">= 2.1.2 < 3.0.0"

inflight@^1.0.4:
  version "1.0.6"
  resolved "https://registry.yarnpkg.com/inflight/-/inflight-1.0.6.tgz#49bd6331d7d02d0c09bc910a1075ba8165b56df9"
  integrity sha1-Sb1jMdfQLQwJvJEKEHW6gWW1bfk=
  dependencies:
    once "^1.3.0"
    wrappy "1"

inherits@2:
  version "2.0.4"
  resolved "https://registry.yarnpkg.com/inherits/-/inherits-2.0.4.tgz#0fa2c64f932917c3433a0ded55363aae37416b7c"
  integrity sha512-k/vGaX4/Yla3WzyMCvTQOXYeIHvqOKtnqBduzTHpzpQZzAskKMhZ2K+EnBiSM9zGSoIFeMpXKxa4dYeZIQqewQ==

is-core-module@^2.8.1:
  version "2.9.0"
  resolved "https://registry.yarnpkg.com/is-core-module/-/is-core-module-2.9.0.tgz#e1c34429cd51c6dd9e09e0799e396e27b19a9c69"
  integrity sha512-+5FPy5PnwmO3lvfMb0AsoPaBG+5KHUI0wYFXOtYPnVVVspTFUuMZNfNaNVRt3FZadstu2c8x23vykRW/NBoU6A==
  dependencies:
    has "^1.0.3"

is-stream@^1.0.1:
  version "1.1.0"
  resolved "https://registry.yarnpkg.com/is-stream/-/is-stream-1.1.0.tgz#12d4a3dd4e68e0b79ceb8dbc84173ae80d91ca44"
  integrity sha1-EtSj3U5o4Lec6428hBc66A2RykQ=

isomorphic-fetch@^2.2.1:
  version "2.2.1"
  resolved "https://registry.yarnpkg.com/isomorphic-fetch/-/isomorphic-fetch-2.2.1.tgz#611ae1acf14f5e81f729507472819fe9733558a9"
  integrity sha1-YRrhrPFPXoH3KVB0coGf6XM1WKk=
  dependencies:
    node-fetch "^1.0.1"
    whatwg-fetch ">=0.10.0"

"minimatch@2 || 3", minimatch@^3.0.4:
  version "3.1.2"
  resolved "https://registry.yarnpkg.com/minimatch/-/minimatch-3.1.2.tgz#19cd194bfd3e428f049a70817c038d89ab4be35b"
  integrity sha512-J7p63hRiAjw1NDEww1W7i37+ByIrOWO5XQQAzZ3VOcL0PNybwpfmV/N05zFAzwQ9USyEcX6t3UO+K5aqBQOIHw==
  dependencies:
    brace-expansion "^1.1.7"

minimist@~0.0.1:
  version "0.0.10"
  resolved "https://registry.yarnpkg.com/minimist/-/minimist-0.0.10.tgz#de3f98543dbf96082be48ad1a0c7cda836301dcf"
  integrity sha1-3j+YVD2/lggr5IrRoMfNqDYwHc8=

node-fetch@^1.0.1:
  version "1.7.3"
  resolved "https://registry.yarnpkg.com/node-fetch/-/node-fetch-1.7.3.tgz#980f6f72d85211a5347c6b2bc18c5b84c3eb47ef"
  integrity sha512-NhZ4CsKx7cYm2vSrBAr2PvFOe6sWDf0UYLRqA6svUYg7+/TSfVAu49jYC4BvQ4Sms9SZgdqGBgroqfDhJdTyKQ==
  dependencies:
    encoding "^0.1.11"
    is-stream "^1.0.1"

once@^1.3.0:
  version "1.4.0"
  resolved "https://registry.yarnpkg.com/once/-/once-1.4.0.tgz#583b1aa775961d4b113ac17d9c50baef9dd76bd1"
  integrity sha1-WDsap3WWHUsROsF9nFC6753Xa9E=
  dependencies:
    wrappy "1"

optimist@~0.6.0:
  version "0.6.1"
  resolved "https://registry.yarnpkg.com/optimist/-/optimist-0.6.1.tgz#da3ea74686fa21a19a111c326e90eb15a0196686"
  integrity sha1-2j6nRob6IaGaERwybpDrFaAZZoY=
  dependencies:
    minimist "~0.0.1"
    wordwrap "~0.0.2"

path-is-absolute@^1.0.0:
  version "1.0.1"
  resolved "https://registry.yarnpkg.com/path-is-absolute/-/path-is-absolute-1.0.1.tgz#174b9268735534ffbc7ace6bf53a5a9e1b5c5f5f"
  integrity sha1-F0uSaHNVNP+8es5r9TpanhtcX18=

path-parse@^1.0.7:
  version "1.0.7"
  resolved "https://registry.yarnpkg.com/path-parse/-/path-parse-1.0.7.tgz#fbc114b60ca42b30d9daf5858e4bd68bbedb6735"
  integrity sha512-LDJzPVEEEPR+y48z93A0Ed0yXb8pAByGWo/k5YYdYgpY2/2EsOsksJrq7lOHxryrVOn1ejG6oAp8ahvOIQD8sw==

resolve@^1.1.7:
  version "1.22.0"
  resolved "https://registry.yarnpkg.com/resolve/-/resolve-1.22.0.tgz#5e0b8c67c15df57a89bdbabe603a002f21731198"
  integrity sha512-Hhtrw0nLeSrFQ7phPp4OOcVjLPIeMnRlr5mcnVuMe7M/7eBn98A3hmFRLoFo3DLZkivSYwhRUJTyPyWAk56WLw==
  dependencies:
    is-core-module "^2.8.1"
    path-parse "^1.0.7"
    supports-preserve-symlinks-flag "^1.0.0"

"safer-buffer@>= 2.1.2 < 3.0.0":
  version "2.1.2"
  resolved "https://registry.yarnpkg.com/safer-buffer/-/safer-buffer-2.1.2.tgz#44fa161b0187b9549dd84bb91802f9bd8385cd6a"
  integrity sha512-YZo3K82SD7Riyi0E1EQPojLz7kpepnSQI9IyPbHHg1XXXevb5dJI7tpyN2ADxGcQbHG7vcyRHk0cbwqcQriUtg==

sprintf-js@^1.1.1:
  version "1.1.2"
  resolved "https://registry.yarnpkg.com/sprintf-js/-/sprintf-js-1.1.2.tgz#da1765262bf8c0f571749f2ad6c26300207ae673"
  integrity sha512-VE0SOVEHCk7Qc8ulkWw3ntAzXuqf7S2lvwQaDLRnUeIEaKNQJzV6BwmLKhOqT61aGhfUMrXeaBk+oDGCzvhcug==

supports-preserve-symlinks-flag@^1.0.0:
  version "1.0.0"
  resolved "https://registry.yarnpkg.com/supports-preserve-symlinks-flag/-/supports-preserve-symlinks-flag-1.0.0.tgz#6eda4bd344a3c94aea376d4cc31bc77311039e09"
  integrity sha512-ot0WnXS9fgdkgIcePe6RHNk1WA8+muPa6cSjeR3V8K27q9BB1rTE3R1p7Hv0z1ZyAc8s6Vvv8DIyWf681MAt0w==

tslib@^2.3.1:
  version "2.4.0"
  resolved "https://registry.yarnpkg.com/tslib/-/tslib-2.4.0.tgz#7cecaa7f073ce680a05847aa77be941098f36dc3"
  integrity sha512-d6xOpEDfsi2CZVlPQzGeux8XMwLT9hssAsaPYExaQMuYskwb+x1x7J371tWlbBdWHroy99KnVB6qIkUbs5X3UQ==

tslint@^3.15.1:
  version "3.15.1"
  resolved "https://registry.yarnpkg.com/tslint/-/tslint-3.15.1.tgz#da165ca93d8fdc2c086b51165ee1bacb48c98ea5"
  integrity sha1-2hZcqT2P3CwIa1EWXuG6y0jJjqU=
  dependencies:
    colors "^1.1.2"
    diff "^2.2.1"
    findup-sync "~0.3.0"
    glob "^7.0.3"
    optimist "~0.6.0"
    resolve "^1.1.7"
    underscore.string "^3.3.4"

"typescript@^2.4 || ^3.0":
  version "3.9.10"
  resolved "https://registry.yarnpkg.com/typescript/-/typescript-3.9.10.tgz#70f3910ac7a51ed6bef79da7800690b19bf778b8"
  integrity sha512-w6fIxVE/H1PkLKcCPsFqKE7Kv7QUwhU8qQY2MueZXWx5cPZdwFupLgKK3vntcK98BtNHZtAF4LA/yl2a7k8R6Q==

underscore.string@^3.3.4:
  version "3.3.6"
  resolved "https://registry.yarnpkg.com/underscore.string/-/underscore.string-3.3.6.tgz#ad8cf23d7423cb3b53b898476117588f4e2f9159"
  integrity sha512-VoC83HWXmCrF6rgkyxS9GHv8W9Q5nhMKho+OadDJGzL2oDYbYEppBaCMH6pFlwLeqj2QS+hhkw2kpXkSdD1JxQ==
  dependencies:
    sprintf-js "^1.1.1"
    util-deprecate "^1.0.2"

util-deprecate@^1.0.2:
  version "1.0.2"
  resolved "https://registry.yarnpkg.com/util-deprecate/-/util-deprecate-1.0.2.tgz#450d4dc9fa70de732762fbd2d4a28981419a0ccf"
  integrity sha1-RQ1Nyfpw3nMnYvvS1KKJgUGaDM8=

whatwg-fetch@>=0.10.0:
  version "3.6.2"
  resolved "https://registry.yarnpkg.com/whatwg-fetch/-/whatwg-fetch-3.6.2.tgz#dced24f37f2624ed0281725d51d0e2e3fe677f8c"
  integrity sha512-bJlen0FcuU/0EMLrdbJ7zOnW6ITZLrZMIarMUVmdKtsGvZna8vxKYaexICWPfZ8qwf9fzNq+UEIZrnSaApt6RA==

wordwrap@~0.0.2:
  version "0.0.3"
  resolved "https://registry.yarnpkg.com/wordwrap/-/wordwrap-0.0.3.tgz#a3d5da6cd5c0bc0008d37234bbaf1bed63059107"
  integrity sha1-o9XabNXAvAAI03I0u68b7WMFkQc=

wrappy@1:
  version "1.0.2"
  resolved "https://registry.yarnpkg.com/wrappy/-/wrappy-1.0.2.tgz#b5243d8f3ec1aa35f1364605bc0d1036e30ab69f"
  integrity sha1-tSQ9jz7BqjXxNkYFvA0QNuMKtp8=
